
Microsoft Visual Studio Solution File, Format Version 12.00
# Visual Studio Version 16
VisualStudioVersion = 16.0.29123.88
MinimumVisualStudioVersion = 10.0.40219.1
Project("{FAE04EC0-301F-11D3-BF4B-00C04F79EFBC}") = "NoteMarketPlaces", "NoteMarketPlaces\NoteMarketPlaces.csproj", "{E0ACA9C0-B003-4FD0-B974-D7BAB378AA0D}"
EndProject
Global
	GlobalSection(SolutionConfigurationPlatforms) = preSolution
		Debug|Any CPU = Debug|Any CPU
		Release|Any CPU = Release|Any CPU
	EndGlobalSection
	GlobalSection(ProjectConfigurationPlatforms) = postSolution
		{E0ACA9C0-B003-4FD0-B974-D7BAB378AA0D}.Debug|Any CPU.ActiveCfg = Debug|Any CPU
		{E0ACA9C0-B003-4FD0-B974-D7BAB378AA0D}.Debug|Any CPU.Build.0 = Debug|Any CPU
		{E0ACA9C0-B003-4FD0-B974-D7BAB378AA0D}.Release|Any CPU.ActiveCfg = Release|Any CPU
		{E0ACA9C0-B003-4FD0-B974-D7BAB378AA0D}.Release|Any CPU.Build.0 = Release|Any CPU
	EndGlobalSection
	GlobalSection(SolutionProperties) = preSolution
		HideSolutionNode = FALSE
	EndGlobalSection
	GlobalSection(ExtensibilityGlobals) = postSolution
		SolutionGuid = {80E7E4AB-5DF4-49DD-9AD7-D05FADBE3253}
	EndGlobalSection
EndGlobal
